{
  "name": "myproject",
  "lockfileVersion": 2,
  "requires": true,
  "packages": {
    "": {
      "dependencies": {
        "echarts-china-cities-js": "^0.1.1"
      }
    },
    "node_modules/echarts-china-cities-js": {
      "version": "0.1.1",
      "resolved": "https://registry.npmjs.org/echarts-china-cities-js/-/echarts-china-cities-js-0.1.1.tgz",
      "integrity": "sha512-Xc7ShyUCaKeS5JHLygvpdZQ6A2nPN8MdVSMLMJhnl7Inatu1eRCJ6DtkeN4WtrjjpRmFYuQfYxKJ2K6Nb+3KLg=="
    }
  },
  "dependencies": {
    "echarts-china-cities-js": {
      "version": "0.1.1",
      "resolved": "https://registry.npmjs.org/echarts-china-cities-js/-/echarts-china-cities-js-0.1.1.tgz",
      "integrity": "sha512-Xc7ShyUCaKeS5JHLygvpdZQ6A2nPN8MdVSMLMJhnl7Inatu1eRCJ6DtkeN4WtrjjpRmFYuQfYxKJ2K6Nb+3KLg=="
    }
  }
}
